github.com/gotk3/gotk3 v0.0.0-20190620081259-6dcdf9e5c51e h1:KFy3swDjmbaSAE6b1iExIgsYt0OkfoLP3HjLm4ifSR8=
github.com/gotk3/gotk3 v0.0.0-20190620081259-6dcdf9e5c51e/go.mod h1:Eew3QBwAOBTrfFFDmsDE5wZWbcagBL1NUslj1GhRveo=
github.com/pothosware/go-soapy-sdr v0.7.4 h1:XD50d6sqOZbBfC/lH74XbRxMykn6u1IR96RbKvCHGAQ=
github.com/pothosware/go-soapy-sdr v0.7.4/go.mod h1:tf1v8hvPJ8WyoGnPZQYvcDq/5qXgMFwd/g1x5xiacPY=
